
Microsoft Visual Studio Solution File, Format Version 12.00
# Visual Studio Version 17
VisualStudioVersion = 17.4.33110.190
MinimumVisualStudioVersion = 10.0.40219.1
Project("{9A19103F-16F7-4668-BE54-9A1E7A4F7556}") = "Battleship", "Battleship\Battleship.csproj", "{FF8BFA1E-5F48-47F4-8210-DC0D0A1F4983}"
EndProject
Project("{9A19103F-16F7-4668-BE54-9A1E7A4F7556}") = "Battleship.TUI", "Battleship.TUI\Battleship.TUI.csproj", "{64F36887-37BF-4B63-B357-414351CA27FB}"
EndProject
Project("{FAE04EC0-301F-11D3-BF4B-00C04F79EFBC}") = "Battleship.API", "Battleship.API\Battleship.API.csproj", "{27D8719E-942A-4F83-BADF-C85FCE6F5102}"
EndProject
Project("{FAE04EC0-301F-11D3-BF4B-00C04F79EFBC}") = "Battleship.Test", "Battleship.Test\Battleship.Test.csproj", "{32AA8168-8874-42D3-907B-57FD26F04E0A}"
EndProject
Global
	GlobalSection(SolutionConfigurationPlatforms) = preSolution
		Debug|Any CPU = Debug|Any CPU
		Release|Any CPU = Release|Any CPU
	EndGlobalSection
	GlobalSection(ProjectConfigurationPlatforms) = postSolution
		{FF8BFA1E-5F48-47F4-8210-DC0D0A1F4983}.Debug|Any CPU.ActiveCfg = Debug|Any CPU
		{FF8BFA1E-5F48-47F4-8210-DC0D0A1F4983}.Debug|Any CPU.Build.0 = Debug|Any CPU
		{FF8BFA1E-5F48-47F4-8210-DC0D0A1F4983}.Release|Any CPU.ActiveCfg = Release|Any CPU
		{FF8BFA1E-5F48-47F4-8210-DC0D0A1F4983}.Release|Any CPU.Build.0 = Release|Any CPU
		{64F36887-37BF-4B63-B357-414351CA27FB}.Debug|Any CPU.ActiveCfg = Debug|Any CPU
		{64F36887-37BF-4B63-B357-414351CA27FB}.Debug|Any CPU.Build.0 = Debug|Any CPU
		{64F36887-37BF-4B63-B357-414351CA27FB}.Release|Any CPU.ActiveCfg = Release|Any CPU
		{64F36887-37BF-4B63-B357-414351CA27FB}.Release|Any CPU.Build.0 = Release|Any CPU
		{27D8719E-942A-4F83-BADF-C85FCE6F5102}.Debug|Any CPU.ActiveCfg = Debug|Any CPU
		{27D8719E-942A-4F83-BADF-C85FCE6F5102}.Debug|Any CPU.Build.0 = Debug|Any CPU
		{27D8719E-942A-4F83-BADF-C85FCE6F5102}.Release|Any CPU.ActiveCfg = Release|Any CPU
		{27D8719E-942A-4F83-BADF-C85FCE6F5102}.Release|Any CPU.Build.0 = Release|Any CPU
		{32AA8168-8874-42D3-907B-57FD26F04E0A}.Debug|Any CPU.ActiveCfg = Debug|Any CPU
		{32AA8168-8874-42D3-907B-57FD26F04E0A}.Debug|Any CPU.Build.0 = Debug|Any CPU
		{32AA8168-8874-42D3-907B-57FD26F04E0A}.Release|Any CPU.ActiveCfg = Release|Any CPU
		{32AA8168-8874-42D3-907B-57FD26F04E0A}.Release|Any CPU.Build.0 = Release|Any CPU
	EndGlobalSection
	GlobalSection(SolutionProperties) = preSolution
		HideSolutionNode = FALSE
	EndGlobalSection
	GlobalSection(ExtensibilityGlobals) = postSolution
		SolutionGuid = {14589703-FCEE-4CC0-8216-9DC634214402}
	EndGlobalSection
EndGlobal
